
Microsoft Visual Studio Solution File, Format Version 12.00
# Visual Studio Version 16
VisualStudioVersion = 16.0.30804.86
MinimumVisualStudioVersion = 10.0.40219.1
Project("{FAE04EC0-301F-11D3-BF4B-00C04F79EFBC}") = "TestingGit", "TestingGit\TestingGit.csproj", "{3DC8CE07-BFC4-44A8-AF5C-FA163E17EAB0}"
EndProject
Global
	GlobalSection(SolutionConfigurationPlatforms) = preSolution
		Debug|Any CPU = Debug|Any CPU
		Release|Any CPU = Release|Any CPU
	EndGlobalSection
	GlobalSection(ProjectConfigurationPlatforms) = postSolution
		{3DC8CE07-BFC4-44A8-AF5C-FA163E17EAB0}.Debug|Any CPU.ActiveCfg = Debug|Any CPU
		{3DC8CE07-BFC4-44A8-AF5C-FA163E17EAB0}.Debug|Any CPU.Build.0 = Debug|Any CPU
		{3DC8CE07-BFC4-44A8-AF5C-FA163E17EAB0}.Release|Any CPU.ActiveCfg = Release|Any CPU
		{3DC8CE07-BFC4-44A8-AF5C-FA163E17EAB0}.Release|Any CPU.Build.0 = Release|Any CPU
	EndGlobalSection
	GlobalSection(SolutionProperties) = preSolution
		HideSolutionNode = FALSE
	EndGlobalSection
	GlobalSection(ExtensibilityGlobals) = postSolution
		SolutionGuid = {D6059C52-7BD9-4F39-ABCB-7FC951B39B3F}
	EndGlobalSection
EndGlobal
